PODS:
  - Flutter (1.0.0)
  - geolocator_apple (1.2.0):
    - Flutter
  - path_provider_foundation (0.0.1):
    - Flutter
    - FlutterMacOS
  - pedometer (0.0.1):
    - Flutter
  - permission_handler_apple (9.0.4):
    - Flutter
  - sensors_plus (0.0.1):
    - Flutter

DEPENDENCIES:
  - Flutter (from `Flutter`)
  - geolocator_apple (from `.symlinks/plugins/geolocator_apple/ios`)
  - path_provider_foundation (from `.symlinks/plugins/path_provider_foundation/ios`)
  - pedometer (from `.symlinks/plugins/pedometer/ios`)
  - permission_handler_apple (from `.symlinks/plugins/permission_handler_apple/ios`)
  - sensors_plus (from `.symlinks/plugins/sensors_plus/ios`)

EXTERNAL SOURCES:
  Flutter:
    :path: Flutter
  geolocator_apple:
    :path: ".symlinks/plugins/geolocator_apple/ios"
  path_provider_foundation:
    :path: ".symlinks/plugins/path_provider_foundation/ios"
  pedometer:
    :path: ".symlinks/plugins/pedometer/ios"
  permission_handler_apple:
    :path: ".symlinks/plugins/permission_handler_apple/ios"
  sensors_plus:
    :path: ".symlinks/plugins/sensors_plus/ios"

SPEC CHECKSUMS:
  Flutter: f04841e97a9d0b0a8025694d0796dd46242b2854
  geolocator_apple: cc556e6844d508c95df1e87e3ea6fa4e58c50401
  path_provider_foundation: 37748e03f12783f9de2cb2c4eadfaa25fe6d4852
  pedometer: 381969883680ade42559782cc41a3bbd453d8234
  permission_handler_apple: 44366e37eaf29454a1e7b1b7d736c2cceaeb17ce
  sensors_plus: 5717760720f7e6acd96fdbd75b7428f5ad755ec2

PODFILE CHECKSUM: 465732c3b6756a5ace48425f87d5167f54dd8c99

COCOAPODS: 1.11.3
